
Microsoft Visual Studio Solution File, Format Version 12.00
# Visual Studio Version 17
VisualStudioVersion = 17.13.35825.156
MinimumVisualStudioVersion = 10.0.40219.1
Project("{FAE04EC0-301F-11D3-BF4B-00C04F79EFBC}") = "Tasnim Crawler", "..\..\..\..\My Work\C#\Tasnim Crawler\Tasnim Crawler.csproj", "{92F0F100-4C3F-4CC2-A5AA-54C3BDFF74B8}"
EndProject
Global
	GlobalSection(SolutionConfigurationPlatforms) = preSolution
		Debug|Any CPU = Debug|Any CPU
		Release|Any CPU = Release|Any CPU
	EndGlobalSection
	GlobalSection(ProjectConfigurationPlatforms) = postSolution
		{92F0F100-4C3F-4CC2-A5AA-54C3BDFF74B8}.Debug|Any CPU.ActiveCfg = Debug|Any CPU
		{92F0F100-4C3F-4CC2-A5AA-54C3BDFF74B8}.Debug|Any CPU.Build.0 = Debug|Any CPU
		{92F0F100-4C3F-4CC2-A5AA-54C3BDFF74B8}.Release|Any CPU.ActiveCfg = Release|Any CPU
		{92F0F100-4C3F-4CC2-A5AA-54C3BDFF74B8}.Release|Any CPU.Build.0 = Release|Any CPU
	EndGlobalSection
	GlobalSection(SolutionProperties) = preSolution
		HideSolutionNode = FALSE
	EndGlobalSection
	GlobalSection(ExtensibilityGlobals) = postSolution
		SolutionGuid = {E95ED463-3E09-4276-B080-D3EB1B01E001}
	EndGlobalSection
EndGlobal
